// !$*UTF8*$!
{
	archiveVersion = 1;
	classes = {
	};
	objectVersion = 46;
	objects = {

/* Begin PBXBuildFile section */
		77CEF6CB195C071100FD020C /* Foundation.framework in Frameworks */ = {isa = PBXBuildFile; fileRef = 77CEF6CA195C071100FD020C /* Foundation.framework */; };
		77CEF6CD195C071100FD020C /* CoreGraphics.framework in Frameworks */ = {isa = PBXBuildFile; fileRef = 77CEF6CC195C071100FD020C /* CoreGraphics.framework */; };
		77CEF6CF195C071100FD020C /* UIKit.framework in Frameworks */ = {isa = PBXBuildFile; fileRef = 77CEF6CE195C071100FD020C /* UIKit.framework */; };
		77CEF6D5195C071100FD020C /* InfoPlist.strings in Resources */ = {isa = PBXBuildFile; fileRef = 77CEF6D3195C071100FD020C /* InfoPlist.strings */; };
		77CEF6D7195C071100FD020C /* main.m in Sources */ = {isa = PBXBuildFile; fileRef = 77CEF6D6195C071100FD020C /* main.m */; };
		77CEF6DB195C071100FD020C /* AppDelegate.m in Sources */ = {isa = PBXBuildFile; fileRef = 77CEF6DA195C071100FD020C /* AppDelegate.m */; };
		77CEF6E1195C071100FD020C /* ViewController.m in Sources */ = {isa = PBXBuildFile; fileRef = 77CEF6E0195C071100FD020C /* ViewController.m */; };
		77CEF6E3195C071100FD020C /* Images.xcassets in Resources */ = {isa = PBXBuildFile; fileRef = 77CEF6E2195C071100FD020C /* Images.xcassets */; };
		77CEF6EA195C071100FD020C /* XCTest.framework in Frameworks */ = {isa = PBXBuildFile; fileRef = 77CEF6E9195C071100FD020C /* XCTest.framework */; };
		77CEF6EB195C071100FD020C /* Foundation.framework in Frameworks */ = {isa = PBXBuildFile; fileRef = 77CEF6CA195C071100FD020C /* Foundation.framework */; };
		77CEF6EC195C071100FD020C /* UIKit.framework in Frameworks */ = {isa = PBXBuildFile; fileRef = 77CEF6CE195C071100FD020C /* UIKit.framework */; };
		77CEF6F4195C071100FD020C /* InfoPlist.strings in Resources */ = {isa = PBXBuildFile; fileRef = 77CEF6F2195C071100FD020C /* InfoPlist.strings */; };
		77CEF6F6195C071100FD020C /* Facebook_LoginTests.m in Sources */ = {isa = PBXBuildFile; fileRef = 77CEF6F5195C071100FD020C /* Facebook_LoginTests.m */; };
		7F2DA71D19D8D08800B4A4F7 /* Cartitem.m in Sources */ = {isa = PBXBuildFile; fileRef = 7F2DA71C19D8D08800B4A4F7 /* Cartitem.m */; };
		7F2DA72019D8DCF900B4A4F7 /* CartListVC.m in Sources */ = {isa = PBXBuildFile; fileRef = 7F2DA71F19D8DCF900B4A4F7 /* CartListVC.m */; };
		7F4835D519D7841600DC479B /* Item.m in Sources */ = {isa = PBXBuildFile; fileRef = 7F4835D419D7841600DC479B /* Item.m */; };
		7F6F355D19D79A6600A5E767 /* GroceryListTableViewController.m in Sources */ = {isa = PBXBuildFile; fileRef = 7F6F355C19D79A6600A5E767 /* GroceryListTableViewController.m */; };
		7F6F356419D7EEC100A5E767 /* DetailVC.m in Sources */ = {isa = PBXBuildFile; fileRef = 7F6F356319D7EEC100A5E767 /* DetailVC.m */; };
		7F6F356719D7F64600A5E767 /* Main.storyboard in Resources */ = {isa = PBXBuildFile; fileRef = 7F6F356619D7F64600A5E767 /* Main.storyboard */; };
		7FF9895A19D5FC1F00E70030 /* FacebookSDK.framework in Frameworks */ = {isa = PBXBuildFile; fileRef = 7FF9895919D5FC1F00E70030 /* FacebookSDK.framework */; };
		7FF9895B19D5FC1F00E70030 /* FacebookSDK.framework in Frameworks */ = {isa = PBXBuildFile; fileRef = 7FF9895919D5FC1F00E70030 /* FacebookSDK.framework */; };
/* End PBXBuildFile section */

/* Begin PBXContainerItemProxy section */
		77CEF6ED195C071100FD020C /* PBXContainerItemProxy */ = {
			isa = PBXContainerItemProxy;
			containerPortal = 77CEF6BF195C071100FD020C /* Project object */;
			proxyType = 1;
			remoteGlobalIDString = 77CEF6C6195C071100FD020C;
			remoteInfo = "Facebook Login";
		};
/* End PBXContainerItemProxy section */

/* Begin PBXFileReference section */
		77CEF6C7195C071100FD020C /* Facebook Login.app */ = {isa = PBXFileReference; explicitFileType = wrapper.application; includeInIndex = 0; path = "Facebook Login.app"; sourceTree = BUILT_PRODUCTS_DIR; };
		77CEF6CA195C071100FD020C /* Foundation.framework */ = {isa = PBXFileReference; lastKnownFileType = wrapper.framework; name = Foundation.framework; path = System/Library/Frameworks/Foundation.framework; sourceTree = SDKROOT; };
		77CEF6CC195C071100FD020C /* CoreGraphics.framework */ = {isa = PBXFileReference; lastKnownFileType = wrapper.framework; name = CoreGraphics.framework; path = System/Library/Frameworks/CoreGraphics.framework; sourceTree = SDKROOT; };
		77CEF6CE195C071100FD020C /* UIKit.framework */ = {isa = PBXFileReference; lastKnownFileType = wrapper.framework; name = UIKit.framework; path = System/Library/Frameworks/UIKit.framework; sourceTree = SDKROOT; };
		77CEF6D2195C071100FD020C /* Facebook Login-Info.plist */ = {isa = PBXFileReference; lastKnownFileType = text.plist.xml; path = "Facebook Login-Info.plist"; sourceTree = "<group>"; };
		77CEF6D4195C071100FD020C /* en */ = {isa = PBXFileReference; lastKnownFileType = text.plist.strings; name = en; path = en.lproj/InfoPlist.strings; sourceTree = "<group>"; };
		77CEF6D6195C071100FD020C /* main.m */ = {isa = PBXFileReference; lastKnownFileType = sourcecode.c.objc; path = main.m; sourceTree = "<group>"; };
		77CEF6D8195C071100FD020C /* Facebook Login-Prefix.pch */ = {isa = PBXFileReference; lastKnownFileType = sourcecode.c.h; path = "Facebook Login-Prefix.pch"; sourceTree = "<group>"; };
		77CEF6D9195C071100FD020C /* AppDelegate.h */ = {isa = PBXFileReference; lastKnownFileType = sourcecode.c.h; path = AppDelegate.h; sourceTree = "<group>"; };
		77CEF6DA195C071100FD020C /* AppDelegate.m */ = {isa = PBXFileReference; lastKnownFileType = sourcecode.c.objc; path = AppDelegate.m; sourceTree = "<group>"; };
		77CEF6DF195C071100FD020C /* ViewController.h */ = {isa = PBXFileReference; lastKnownFileType = sourcecode.c.h; path = ViewController.h; sourceTree = "<group>"; };
		77CEF6E0195C071100FD020C /* ViewController.m */ = {isa = PBXFileReference; lastKnownFileType = sourcecode.c.objc; path = ViewController.m; sourceTree = "<group>"; };
		77CEF6E2195C071100FD020C /* Images.xcassets */ = {isa = PBXFileReference; lastKnownFileType = folder.assetcatalog; path = Images.xcassets; sourceTree = "<group>"; };
		77CEF6E8195C071100FD020C /* Facebook LoginTests.xctest */ = {isa = PBXFileReference; explicitFileType = wrapper.cfbundle; includeInIndex = 0; path = "Facebook LoginTests.xctest"; sourceTree = BUILT_PRODUCTS_DIR; };
		77CEF6E9195C071100FD020C /* XCTest.framework */ = {isa = PBXFileReference; lastKnownFileType = wrapper.framework; name = XCTest.framework; path = Library/Frameworks/XCTest.framework; sourceTree = DEVELOPER_DIR; };
		77CEF6F1195C071100FD020C /* Facebook LoginTests-Info.plist */ = {isa = PBXFileReference; lastKnownFileType = text.plist.xml; path = "Facebook LoginTests-Info.plist"; sourceTree = "<group>"; };
		77CEF6F3195C071100FD020C /* en */ = {isa = PBXFileReference; lastKnownFileType = text.plist.strings; name = en; path = en.lproj/InfoPlist.strings; sourceTree = "<group>"; };
		77CEF6F5195C071100FD020C /* Facebook_LoginTests.m */ = {isa = PBXFileReference; lastKnownFileType = sourcecode.c.objc; path = Facebook_LoginTests.m; sourceTree = "<group>"; };
		7F2DA71B19D8D08800B4A4F7 /* Cartitem.h */ = {isa = PBXFileReference; fileEncoding = 4; lastKnownFileType = sourcecode.c.h; name = Cartitem.h; path = ../Cartitem.h; sourceTree = "<group>"; };
		7F2DA71C19D8D08800B4A4F7 /* Cartitem.m */ = {isa = PBXFileReference; fileEncoding = 4; lastKnownFileType = sourcecode.c.objc; name = Cartitem.m; path = ../Cartitem.m; sourceTree = "<group>"; };
		7F2DA71E19D8DCF900B4A4F7 /* CartListVC.h */ = {isa = PBXFileReference; fileEncoding = 4; lastKnownFileType = sourcecode.c.h; path = CartListVC.h; sourceTree = "<group>"; };
		7F2DA71F19D8DCF900B4A4F7 /* CartListVC.m */ = {isa = PBXFileReference; fileEncoding = 4; lastKnownFileType = sourcecode.c.objc; path = CartListVC.m; sourceTree = "<group>"; };
		7F4835D319D7841100DC479B /* Item.h */ = {isa = PBXFileReference; fileEncoding = 4; lastKnownFileType = sourcecode.c.h; path = Item.h; sourceTree = "<group>"; };
		7F4835D419D7841600DC479B /* Item.m */ = {isa = PBXFileReference; fileEncoding = 4; lastKnownFileType = sourcecode.c.objc; path = Item.m; sourceTree = "<group>"; };
		7F6F355B19D79A6600A5E767 /* GroceryListTableViewController.h */ = {isa = PBXFileReference; fileEncoding = 4; lastKnownFileType = sourcecode.c.h; name = GroceryListTableViewController.h; path = ../GroceryListTableViewController.h; sourceTree = "<group>"; };
		7F6F355C19D79A6600A5E767 /* GroceryListTableViewController.m */ = {isa = PBXFileReference; fileEncoding = 4; lastKnownFileType = sourcecode.c.objc; name = GroceryListTableViewController.m; path = ../GroceryListTableViewController.m; sourceTree = "<group>"; };
		7F6F356219D7EEC100A5E767 /* DetailVC.h */ = {isa = PBXFileReference; fileEncoding = 4; lastKnownFileType = sourcecode.c.h; name = DetailVC.h; path = ../DetailVC.h; sourceTree = "<group>"; };
		7F6F356319D7EEC100A5E767 /* DetailVC.m */ = {isa = PBXFileReference; fileEncoding = 4; lastKnownFileType = sourcecode.c.objc; name = DetailVC.m; path = ../DetailVC.m; sourceTree = "<group>"; };
		7F6F356619D7F64600A5E767 /* Main.storyboard */ = {isa = PBXFileReference; fileEncoding = 4; lastKnownFileType = file.storyboard; path = Main.storyboard; sourceTree = "<group>"; };
		7FF9895919D5FC1F00E70030 /* FacebookSDK.framework */ = {isa = PBXFileReference; lastKnownFileType = wrapper.framework; path = FacebookSDK.framework; sourceTree = "<group>"; };
/* End PBXFileReference section */

/* Begin PBXFrameworksBuildPhase section */
		77CEF6C4195C071100FD020C /* Frameworks */ = {
			isa = PBXFrameworksBuildPhase;
			buildActionMask = 2147483647;
			files = (
				77CEF6CD195C071100FD020C /* CoreGraphics.framework in Frameworks */,
				7FF9895A19D5FC1F00E70030 /* FacebookSDK.framework in Frameworks */,
				77CEF6CF195C071100FD020C /* UIKit.framework in Frameworks */,
				77CEF6CB195C071100FD020C /* Foundation.framework in Frameworks */,
			);
			runOnlyForDeploymentPostprocessing = 0;
		};
		77CEF6E5195C071100FD020C /* Frameworks */ = {
			isa = PBXFrameworksBuildPhase;
			buildActionMask = 2147483647;
			files = (
				77CEF6EA195C071100FD020C /* XCTest.framework in Frameworks */,
				7FF9895B19D5FC1F00E70030 /* FacebookSDK.framework in Frameworks */,
				77CEF6EC195C071100FD020C /* UIKit.framework in Frameworks */,
				77CEF6EB195C071100FD020C /* Foundation.framework in Frameworks */,
			);
			runOnlyForDeploymentPostprocessing = 0;
		};
/* End PBXFrameworksBuildPhase section */

/* Begin PBXGroup section */
		77CEF6BE195C071100FD020C = {
			isa = PBXGroup;
			children = (
				77CEF6D0195C071100FD020C /* Facebook Login */,
				77CEF6EF195C071100FD020C /* Facebook LoginTests */,
				77CEF6C9195C071100FD020C /* Frameworks */,
				77CEF6C8195C071100FD020C /* Products */,
			);
			sourceTree = "<group>";
		};
		77CEF6C8195C071100FD020C /* Products */ = {
			isa = PBXGroup;
			children = (
				77CEF6C7195C071100FD020C /* Facebook Login.app */,
				77CEF6E8195C071100FD020C /* Facebook LoginTests.xctest */,
			);
			name = Products;
			sourceTree = "<group>";
		};
		77CEF6C9195C071100FD020C /* Frameworks */ = {
			isa = PBXGroup;
			children = (
				7FF9895919D5FC1F00E70030 /* FacebookSDK.framework */,
				77CEF6CA195C071100FD020C /* Foundation.framework */,
				77CEF6CC195C071100FD020C /* CoreGraphics.framework */,
				77CEF6CE195C071100FD020C /* UIKit.framework */,
				77CEF6E9195C071100FD020C /* XCTest.framework */,
			);
			name = Frameworks;
			sourceTree = "<group>";
		};
		77CEF6D0195C071100FD020C /* Facebook Login */ = {
			isa = PBXGroup;
			children = (
				77CEF6D9195C071100FD020C /* AppDelegate.h */,
				77CEF6DA195C071100FD020C /* AppDelegate.m */,
				7F6F355B19D79A6600A5E767 /* GroceryListTableViewController.h */,
				7F6F355C19D79A6600A5E767 /* GroceryListTableViewController.m */,
				7F6F356619D7F64600A5E767 /* Main.storyboard */,
				7F2DA71E19D8DCF900B4A4F7 /* CartListVC.h */,
				7F2DA71F19D8DCF900B4A4F7 /* CartListVC.m */,
				77CEF6DF195C071100FD020C /* ViewController.h */,
				77CEF6E0195C071100FD020C /* ViewController.m */,
				7F6F356219D7EEC100A5E767 /* DetailVC.h */,
				7F6F356319D7EEC100A5E767 /* DetailVC.m */,
				7F4835D319D7841100DC479B /* Item.h */,
				7F4835D419D7841600DC479B /* Item.m */,
				7F2DA71B19D8D08800B4A4F7 /* Cartitem.h */,
				7F2DA71C19D8D08800B4A4F7 /* Cartitem.m */,
				77CEF6E2195C071100FD020C /* Images.xcassets */,
				77CEF6D1195C071100FD020C /* Supporting Files */,
			);
			path = "Facebook Login";
			sourceTree = "<group>";
		};
		77CEF6D1195C071100FD020C /* Supporting Files */ = {
			isa = PBXGroup;
			children = (
				77CEF6D2195C071100FD020C /* Facebook Login-Info.plist */,
				77CEF6D3195C071100FD020C /* InfoPlist.strings */,
				77CEF6D6195C071100FD020C /* main.m */,
				77CEF6D8195C071100FD020C /* Facebook Login-Prefix.pch */,
			);
			name = "Supporting Files";
			sourceTree = "<group>";
		};
		77CEF6EF195C071100FD020C /* Facebook LoginTests */ = {
			isa = PBXGroup;
			children = (
				77CEF6F5195C071100FD020C /* Facebook_LoginTests.m */,
				77CEF6F0195C071100FD020C /* Supporting Files */,
			);
			path = "Facebook LoginTests";
			sourceTree = "<group>";
		};
		77CEF6F0195C071100FD020C /* Supporting Files */ = {
			isa = PBXGroup;
			children = (
				77CEF6F1195C071100FD020C /* Facebook LoginTests-Info.plist */,
				77CEF6F2195C071100FD020C /* InfoPlist.strings */,
			);
			name = "Supporting Files";
			sourceTree = "<group>";
		};
/* End PBXGroup section */

/* Begin PBXNativeTarget section */
		77CEF6C6195C071100FD020C /* Facebook Login */ = {
			isa = PBXNativeTarget;
			buildConfigurationList = 77CEF6F9195C071100FD020C /* Build configuration list for PBXNativeTarget "Facebook Login" */;
			buildPhases = (
				77CEF6C3195C071100FD020C /* Sources */,
				77CEF6C4195C071100FD020C /* Frameworks */,
				77CEF6C5195C071100FD020C /* Resources */,
			);
			buildRules = (
			);
			dependencies = (
			);
			name = "Facebook Login";
			productName = "Facebook Login";
			productReference = 77CEF6C7195C071100FD020C /* Facebook Login.app */;
			productType = "com.apple.product-type.application";
		};
		77CEF6E7195C071100FD020C /* Facebook LoginTests */ = {
			isa = PBXNativeTarget;
			buildConfigurationList = 77CEF6FC195C071100FD020C /* Build configuration list for PBXNativeTarget "Facebook LoginTests" */;
			buildPhases = (
				77CEF6E4195C071100FD020C /* Sources */,
				77CEF6E5195C071100FD020C /* Frameworks */,
				77CEF6E6195C071100FD020C /* Resources */,
			);
			buildRules = (
			);
			dependencies = (
				77CEF6EE195C071100FD020C /* PBXTargetDependency */,
			);
			name = "Facebook LoginTests";
			productName = "Facebook LoginTests";
			productReference = 77CEF6E8195C071100FD020C /* Facebook LoginTests.xctest */;
			productType = "com.apple.product-type.bundle.unit-test";
		};
/* End PBXNativeTarget section */

/* Begin PBXProject section */
		77CEF6BF195C071100FD020C /* Project object */ = {
			isa = PBXProject;
			attributes = {
				LastUpgradeCheck = 0510;
				TargetAttributes = {
					77CEF6E7195C071100FD020C = {
						TestTargetID = 77CEF6C6195C071100FD020C;
					};
				};
			};
			buildConfigurationList = 77CEF6C2195C071100FD020C /* Build configuration list for PBXProject "Facebook Login" */;
			compatibilityVersion = "Xcode 3.2";
			developmentRegion = English;
			hasScannedForEncodings = 0;
			knownRegions = (
				en,
				Base,
			);
			mainGroup = 77CEF6BE195C071100FD020C;
			productRefGroup = 77CEF6C8195C071100FD020C /* Products */;
			projectDirPath = "";
			projectRoot = "";
			targets = (
				77CEF6C6195C071100FD020C /* Facebook Login */,
				77CEF6E7195C071100FD020C /* Facebook LoginTests */,
			);
		};
/* End PBXProject section */

/* Begin PBXResourcesBuildPhase section */
		77CEF6C5195C071100FD020C /* Resources */ = {
			isa = PBXResourcesBuildPhase;
			buildActionMask = 2147483647;
			files = (
				7F6F356719D7F64600A5E767 /* Main.storyboard in Resources */,
				77CEF6E3195C071100FD020C /* Images.xcassets in Resources */,
				77CEF6D5195C071100FD020C /* InfoPlist.strings in Resources */,
			);
			runOnlyForDeploymentPostprocessing = 0;
		};
		77CEF6E6195C071100FD020C /* Resources */ = {
			isa = PBXResourcesBuildPhase;
			buildActionMask = 2147483647;
			files = (
				77CEF6F4195C071100FD020C /* InfoPlist.strings in Resources */,
			);
			runOnlyForDeploymentPostprocessing = 0;
		};
/* End PBXResourcesBuildPhase section */

/* Begin PBXSourcesBuildPhase section */
		77CEF6C3195C071100FD020C /* Sources */ = {
			isa = PBXSourcesBuildPhase;
			buildActionMask = 2147483647;
			files = (
				7F2DA71D19D8D08800B4A4F7 /* Cartitem.m in Sources */,
				7F4835D519D7841600DC479B /* Item.m in Sources */,
				77CEF6E1195C071100FD020C /* ViewController.m in Sources */,
				7F6F355D19D79A6600A5E767 /* GroceryListTableViewController.m in Sources */,
				7F6F356419D7EEC100A5E767 /* DetailVC.m in Sources */,
				77CEF6DB195C071100FD020C /* AppDelegate.m in Sources */,
				7F2DA72019D8DCF900B4A4F7 /* CartListVC.m in Sources */,
				77CEF6D7195C071100FD020C /* main.m in Sources */,
			);
			runOnlyForDeploymentPostprocessing = 0;
		};
		77CEF6E4195C071100FD020C /* Sources */ = {
			isa = PBXSourcesBuildPhase;
			buildActionMask = 2147483647;
			files = (
				77CEF6F6195C071100FD020C /* Facebook_LoginTests.m in Sources */,
			);
			runOnlyForDeploymentPostprocessing = 0;
		};
/* End PBXSourcesBuildPhase section */

/* Begin PBXTargetDependency section */
		77CEF6EE195C071100FD020C /* PBXTargetDependency */ = {
			isa = PBXTargetDependency;
			target = 77CEF6C6195C071100FD020C /* Facebook Login */;
			targetProxy = 77CEF6ED195C071100FD020C /* PBXContainerItemProxy */;
		};
/* End PBXTargetDependency section */

/* Begin PBXVariantGroup section */
		77CEF6D3195C071100FD020C /* InfoPlist.strings */ = {
			isa = PBXVariantGroup;
			children = (
				77CEF6D4195C071100FD020C /* en */,
			);
			name = InfoPlist.strings;
			sourceTree = "<group>";
		};
		77CEF6F2195C071100FD020C /* InfoPlist.strings */ = {
			isa = PBXVariantGroup;
			children = (
				77CEF6F3195C071100FD020C /* en */,
			);
			name = InfoPlist.strings;
			sourceTree = "<group>";
		};
/* End PBXVariantGroup section */

/* Begin XCBuildConfiguration section */
		77CEF6F7195C071100FD020C /* Debug */ = {
			isa = XCBuildConfiguration;
			buildSettings = {
				ALWAYS_SEARCH_USER_PATHS = NO;
				CLANG_CXX_LANGUAGE_STANDARD = "gnu++0x";
				CLANG_CXX_LIBRARY = "libc++";
				CLANG_ENABLE_MODULES = YES;
				CLANG_ENABLE_OBJC_ARC = YES;
				CLANG_WARN_BOOL_CONVERSION = YES;
				CLANG_WARN_CONSTANT_CONVERSION = YES;
				CLANG_WARN_DIRECT_OBJC_ISA_USAGE = YES_ERROR;
				CLANG_WARN_EMPTY_BODY = YES;
				CLANG_WARN_ENUM_CONVERSION = YES;
				CLANG_WARN_INT_CONVERSION = YES;
				CLANG_WARN_OBJC_ROOT_CLASS = YES_ERROR;
				CLANG_WARN__DUPLICATE_METHOD_MATCH = YES;
				"CODE_SIGN_IDENTITY[sdk=iphoneos*]" = "iPhone Developer";
				COPY_PHASE_STRIP = NO;
				GCC_C_LANGUAGE_STANDARD = gnu99;
				GCC_DYNAMIC_NO_PIC = NO;
				GCC_OPTIMIZATION_LEVEL = 0;
				GCC_PREPROCESSOR_DEFINITIONS = (
					"DEBUG=1",
					"$(inherited)",
				);
				GCC_SYMBOLS_PRIVATE_EXTERN = NO;
				GCC_WARN_64_TO_32_BIT_CONVERSION = YES;
				GCC_WARN_ABOUT_RETURN_TYPE = YES_ERROR;
				GCC_WARN_UNDECLARED_SELECTOR = YES;
				GCC_WARN_UNINITIALIZED_AUTOS = YES_AGGRESSIVE;
				GCC_WARN_UNUSED_FUNCTION = YES;
				GCC_WARN_UNUSED_VARIABLE = YES;
				IPHONEOS_DEPLOYMENT_TARGET = 7.1;
				ONLY_ACTIVE_ARCH = YES;
				SDKROOT = iphoneos;
			};
			name = Debug;
		};
		77CEF6F8195C071100FD020C /* Release */ = {
			isa = XCBuildConfiguration;
			buildSettings = {
				ALWAYS_SEARCH_USER_PATHS = NO;
				CLANG_CXX_LANGUAGE_STANDARD = "gnu++0x";
				CLANG_CXX_LIBRARY = "libc++";
				CLANG_ENABLE_MODULES = YES;
				CLANG_ENABLE_OBJC_ARC = YES;
				CLANG_WARN_BOOL_CONVERSION = YES;
				CLANG_WARN_CONSTANT_CONVERSION = YES;
				CLANG_WARN_DIRECT_OBJC_ISA_USAGE = YES_ERROR;
				CLANG_WARN_EMPTY_BODY = YES;
				CLANG_WARN_ENUM_CONVERSION = YES;
				CLANG_WARN_INT_CONVERSION = YES;
				CLANG_WARN_OBJC_ROOT_CLASS = YES_ERROR;
				CLANG_WARN__DUPLICATE_METHOD_MATCH = YES;
				"CODE_SIGN_IDENTITY[sdk=iphoneos*]" = "iPhone Developer";
				COPY_PHASE_STRIP = YES;
				ENABLE_NS_ASSERTIONS = NO;
				GCC_C_LANGUAGE_STANDARD = gnu99;
				GCC_WARN_64_TO_32_BIT_CONVERSION = YES;
				GCC_WARN_ABOUT_RETURN_TYPE = YES_ERROR;
				GCC_WARN_UNDECLARED_SELECTOR = YES;
				GCC_WARN_UNINITIALIZED_AUTOS = YES_AGGRESSIVE;
				GCC_WARN_UNUSED_FUNCTION = YES;
				GCC_WARN_UNUSED_VARIABLE = YES;
				IPHONEOS_DEPLOYMENT_TARGET = 7.1;
				SDKROOT = iphoneos;
				VALIDATE_PRODUCT = YES;
			};
			name = Release;
		};
		77CEF6FA195C071100FD020C /* Debug */ = {
			isa = XCBuildConfiguration;
			buildSettings = {
				ASSETCATALOG_COMPILER_APPICON_NAME = AppIcon;
				ASSETCATALOG_COMPILER_LAUNCHIMAGE_NAME = LaunchImage;
				FRAMEWORK_SEARCH_PATHS = (
					"$(inherited)",
					/Users/bilalarslan/Documents/FacebookSDK,
					"$(PROJECT_DIR)",
				);
				GCC_PRECOMPILE_PREFIX_HEADER = YES;
				GCC_PREFIX_HEADER = "Facebook Login/Facebook Login-Prefix.pch";
				INFOPLIST_FILE = "Facebook Login/Facebook Login-Info.plist";
				PRODUCT_NAME = "$(TARGET_NAME)";
				WRAPPER_EXTENSION = app;
			};
			name = Debug;
		};
		77CEF6FB195C071100FD020C /* Release */ = {
			isa = XCBuildConfiguration;
			buildSettings = {
				ASSETCATALOG_COMPILER_APPICON_NAME = AppIcon;
				ASSETCATALOG_COMPILER_LAUNCHIMAGE_NAME = LaunchImage;
				FRAMEWORK_SEARCH_PATHS = (
					"$(inherited)",
					/Users/bilalarslan/Documents/FacebookSDK,
					"$(PROJECT_DIR)",
				);
				GCC_PRECOMPILE_PREFIX_HEADER = YES;
				GCC_PREFIX_HEADER = "Facebook Login/Facebook Login-Prefix.pch";
				INFOPLIST_FILE = "Facebook Login/Facebook Login-Info.plist";
				PRODUCT_NAME = "$(TARGET_NAME)";
				WRAPPER_EXTENSION = app;
			};
			name = Release;
		};
		77CEF6FD195C071100FD020C /* Debug */ = {
			isa = XCBuildConfiguration;
			buildSettings = {
				BUNDLE_LOADER = "$(BUILT_PRODUCTS_DIR)/Facebook Login.app/Facebook Login";
				FRAMEWORK_SEARCH_PATHS = (
					"$(SDKROOT)/Developer/Library/Frameworks",
					"$(inherited)",
					"$(DEVELOPER_FRAMEWORKS_DIR)",
					"$(PROJECT_DIR)",
				);
				GCC_PRECOMPILE_PREFIX_HEADER = YES;
				GCC_PREFIX_HEADER = "Facebook Login/Facebook Login-Prefix.pch";
				GCC_PREPROCESSOR_DEFINITIONS = (
					"DEBUG=1",
					"$(inherited)",
				);
				INFOPLIST_FILE = "Facebook LoginTests/Facebook LoginTests-Info.plist";
				PRODUCT_NAME = "$(TARGET_NAME)";
				TEST_HOST = "$(BUNDLE_LOADER)";
				WRAPPER_EXTENSION = xctest;
			};
			name = Debug;
		};
		77CEF6FE195C071100FD020C /* Release */ = {
			isa = XCBuildConfiguration;
			buildSettings = {
				BUNDLE_LOADER = "$(BUILT_PRODUCTS_DIR)/Facebook Login.app/Facebook Login";
				FRAMEWORK_SEARCH_PATHS = (
					"$(SDKROOT)/Developer/Library/Frameworks",
					"$(inherited)",
					"$(DEVELOPER_FRAMEWORKS_DIR)",
					"$(PROJECT_DIR)",
				);
				GCC_PRECOMPILE_PREFIX_HEADER = YES;
				GCC_PREFIX_HEADER = "Facebook Login/Facebook Login-Prefix.pch";
				INFOPLIST_FILE = "Facebook LoginTests/Facebook LoginTests-Info.plist";
				PRODUCT_NAME = "$(TARGET_NAME)";
				TEST_HOST = "$(BUNDLE_LOADER)";
				WRAPPER_EXTENSION = xctest;
			};
			name = Release;
		};
/* End XCBuildConfiguration section */

/* Begin XCConfigurationList section */
		77CEF6C2195C071100FD020C /* Build configuration list for PBXProject "Facebook Login" */ = {
			isa = XCConfigurationList;
			buildConfigurations = (
				77CEF6F7195C071100FD020C /* Debug */,
				77CEF6F8195C071100FD020C /* Release */,
			);
			defaultConfigurationIsVisible = 0;
			defaultConfigurationName = Release;
		};
		77CEF6F9195C071100FD020C /* Build configuration list for PBXNativeTarget "Facebook Login" */ = {
			isa = XCConfigurationList;
			buildConfigurations = (
				77CEF6FA195C071100FD020C /* Debug */,
				77CEF6FB195C071100FD020C /* Release */,
			);
			defaultConfigurationIsVisible = 0;
			defaultConfigurationName = Release;
		};
		77CEF6FC195C071100FD020C /* Build configuration list for PBXNativeTarget "Facebook LoginTests" */ = {
			isa = XCConfigurationList;
			buildConfigurations = (
				77CEF6FD195C071100FD020C /* Debug */,
				77CEF6FE195C071100FD020C /* Release */,
			);
			defaultConfigurationIsVisible = 0;
			defaultConfigurationName = Release;
		};
/* End XCConfigurationList section */
	};
	rootObject = 77CEF6BF195C071100FD020C /* Project object */;
}
